
Microsoft Visual Studio Solution File, Format Version 12.00
# Visual Studio Version 17
VisualStudioVersion = 17.0.31903.59
MinimumVisualStudioVersion = 10.0.40219.1
Project("{2150E333-8FDC-42A3-9474-1A3956D46DE8}") = "apps", "apps", "{1787FE1D-075E-9E68-7218-25F1BD1BBEAB}"
EndProject
Project("{2150E333-8FDC-42A3-9474-1A3956D46DE8}") = "cloud", "cloud", "{28DD3D05-8966-FEB0-1E65-E1AB571790A5}"
EndProject
Project("{FAE04EC0-301F-11D3-BF4B-00C04F79EFBC}") = "Laundry.Api", "apps\cloud\Laundry.Api\Laundry.Api.csproj", "{AE0F0B9C-B065-42E5-B559-BED2E6D6B5FB}"
EndProject
Project("{FAE04EC0-301F-11D3-BF4B-00C04F79EFBC}") = "Laundry.Api.Tests", "apps\cloud\Laundry.Api.Tests\Laundry.Api.Tests.csproj", "{23DE9B72-9696-4635-9E47-900E51B61510}"
EndProject
Global
	GlobalSection(SolutionConfigurationPlatforms) = preSolution
		Debug|Any CPU = Debug|Any CPU
		Debug|x64 = Debug|x64
		Debug|x86 = Debug|x86
		Release|Any CPU = Release|Any CPU
		Release|x64 = Release|x64
		Release|x86 = Release|x86
	EndGlobalSection
	GlobalSection(ProjectConfigurationPlatforms) = postSolution
		{AE0F0B9C-B065-42E5-B559-BED2E6D6B5FB}.Debug|Any CPU.ActiveCfg = Debug|Any CPU
		{AE0F0B9C-B065-42E5-B559-BED2E6D6B5FB}.Debug|Any CPU.Build.0 = Debug|Any CPU
		{AE0F0B9C-B065-42E5-B559-BED2E6D6B5FB}.Debug|x64.ActiveCfg = Debug|Any CPU
		{AE0F0B9C-B065-42E5-B559-BED2E6D6B5FB}.Debug|x64.Build.0 = Debug|Any CPU
		{AE0F0B9C-B065-42E5-B559-BED2E6D6B5FB}.Debug|x86.ActiveCfg = Debug|Any CPU
		{AE0F0B9C-B065-42E5-B559-BED2E6D6B5FB}.Debug|x86.Build.0 = Debug|Any CPU
		{AE0F0B9C-B065-42E5-B559-BED2E6D6B5FB}.Release|Any CPU.ActiveCfg = Release|Any CPU
		{AE0F0B9C-B065-42E5-B559-BED2E6D6B5FB}.Release|Any CPU.Build.0 = Release|Any CPU
		{AE0F0B9C-B065-42E5-B559-BED2E6D6B5FB}.Release|x64.ActiveCfg = Release|Any CPU
		{AE0F0B9C-B065-42E5-B559-BED2E6D6B5FB}.Release|x64.Build.0 = Release|Any CPU
		{AE0F0B9C-B065-42E5-B559-BED2E6D6B5FB}.Release|x86.ActiveCfg = Release|Any CPU
		{AE0F0B9C-B065-42E5-B559-BED2E6D6B5FB}.Release|x86.Build.0 = Release|Any CPU
		{23DE9B72-9696-4635-9E47-900E51B61510}.Debug|Any CPU.ActiveCfg = Debug|Any CPU
		{23DE9B72-9696-4635-9E47-900E51B61510}.Debug|Any CPU.Build.0 = Debug|Any CPU
		{23DE9B72-9696-4635-9E47-900E51B61510}.Debug|x64.ActiveCfg = Debug|Any CPU
		{23DE9B72-9696-4635-9E47-900E51B61510}.Debug|x64.Build.0 = Debug|Any CPU
		{23DE9B72-9696-4635-9E47-900E51B61510}.Debug|x86.ActiveCfg = Debug|Any CPU
		{23DE9B72-9696-4635-9E47-900E51B61510}.Debug|x86.Build.0 = Debug|Any CPU
		{23DE9B72-9696-4635-9E47-900E51B61510}.Release|Any CPU.ActiveCfg = Release|Any CPU
		{23DE9B72-9696-4635-9E47-900E51B61510}.Release|Any CPU.Build.0 = Release|Any CPU
		{23DE9B72-9696-4635-9E47-900E51B61510}.Release|x64.ActiveCfg = Release|Any CPU
		{23DE9B72-9696-4635-9E47-900E51B61510}.Release|x64.Build.0 = Release|Any CPU
		{23DE9B72-9696-4635-9E47-900E51B61510}.Release|x86.ActiveCfg = Release|Any CPU
		{23DE9B72-9696-4635-9E47-900E51B61510}.Release|x86.Build.0 = Release|Any CPU
	EndGlobalSection
	GlobalSection(SolutionProperties) = preSolution
		HideSolutionNode = FALSE
	EndGlobalSection
	GlobalSection(NestedProjects) = preSolution
		{28DD3D05-8966-FEB0-1E65-E1AB571790A5} = {1787FE1D-075E-9E68-7218-25F1BD1BBEAB}
		{AE0F0B9C-B065-42E5-B559-BED2E6D6B5FB} = {28DD3D05-8966-FEB0-1E65-E1AB571790A5}
		{23DE9B72-9696-4635-9E47-900E51B61510} = {28DD3D05-8966-FEB0-1E65-E1AB571790A5}
	EndGlobalSection
EndGlobal
